
Microsoft Visual Studio Solution File, Format Version 12.00
# Visual Studio Version 16
VisualStudioVersion = 16.0.31402.337
MinimumVisualStudioVersion = 10.0.40219.1
Project("{FAE04EC0-301F-11D3-BF4B-00C04F79EFBC}") = "EPrescribing.Web", "EPrescribing.Web\EPrescribing.Web.csproj", "{20AD4F65-7051-4925-AFC4-DD6CF7F10B33}"
EndProject
Global
	GlobalSection(SolutionConfigurationPlatforms) = preSolution
		Debug|Any CPU = Debug|Any CPU
		Release|Any CPU = Release|Any CPU
	EndGlobalSection
	GlobalSection(ProjectConfigurationPlatforms) = postSolution
		{20AD4F65-7051-4925-AFC4-DD6CF7F10B33}.Debug|Any CPU.ActiveCfg = Debug|Any CPU
		{20AD4F65-7051-4925-AFC4-DD6CF7F10B33}.Debug|Any CPU.Build.0 = Debug|Any CPU
		{20AD4F65-7051-4925-AFC4-DD6CF7F10B33}.Release|Any CPU.ActiveCfg = Release|Any CPU
		{20AD4F65-7051-4925-AFC4-DD6CF7F10B33}.Release|Any CPU.Build.0 = Release|Any CPU
	EndGlobalSection
	GlobalSection(SolutionProperties) = preSolution
		HideSolutionNode = FALSE
	EndGlobalSection
	GlobalSection(ExtensibilityGlobals) = postSolution
		SolutionGuid = {6F16A8F4-2037-47A6-AF91-4456CD3A6815}
	EndGlobalSection
EndGlobal
